
Microsoft Visual Studio Solution File, Format Version 12.00
# Visual Studio Version 17
VisualStudioVersion = 17.3.32811.315
MinimumVisualStudioVersion = 10.0.40219.1
Project("{FAE04EC0-301F-11D3-BF4B-00C04F79EFBC}") = "KuittiParser", "KuittiParser\KuittiParser.csproj", "{1C96E3A5-8674-4C45-A5A3-8161ECE45D79}"
EndProject
Global
	GlobalSection(SolutionConfigurationPlatforms) = preSolution
		Debug|Any CPU = Debug|Any CPU
		Release|Any CPU = Release|Any CPU
	EndGlobalSection
	GlobalSection(ProjectConfigurationPlatforms) = postSolution
		{1C96E3A5-8674-4C45-A5A3-8161ECE45D79}.Debug|Any CPU.ActiveCfg = Debug|Any CPU
		{1C96E3A5-8674-4C45-A5A3-8161ECE45D79}.Debug|Any CPU.Build.0 = Debug|Any CPU
		{1C96E3A5-8674-4C45-A5A3-8161ECE45D79}.Release|Any CPU.ActiveCfg = Release|Any CPU
		{1C96E3A5-8674-4C45-A5A3-8161ECE45D79}.Release|Any CPU.Build.0 = Release|Any CPU
	EndGlobalSection
	GlobalSection(SolutionProperties) = preSolution
		HideSolutionNode = FALSE
	EndGlobalSection
	GlobalSection(ExtensibilityGlobals) = postSolution
		SolutionGuid = {9982E925-D646-4A66-9941-AF3345EB6088}
	EndGlobalSection
EndGlobal
